{
  "name": "btrz-formatter",
  "version": "1.3.0",
  "lockfileVersion": 2,
  "requires": true,
  "packages": {
    "": {
      "name": "btrz-formatter",
      "version": "1.3.0",
      "license": "MIT",
      "dependencies": {
        "bz-date": "2.1.0"
      }
    },
    "node_modules/bz-date": {
      "version": "2.1.0",
      "resolved": "https://registry.npmjs.org/bz-date/-/bz-date-2.1.0.tgz",
      "integrity": "sha512-+0YqnuUftqhZGy5/A8+Asxkps0HTTg/dQs695iapKX6bdpArk7+614pbstI7ihiRUolNWcIXHBzTr1z/x5Q6pw==",
      "license": "MIT"
    }
  },
  "dependencies": {
    "bz-date": {
      "version": "2.1.0",
      "resolved": "https://registry.npmjs.org/bz-date/-/bz-date-2.1.0.tgz",
      "integrity": "sha512-+0YqnuUftqhZGy5/A8+Asxkps0HTTg/dQs695iapKX6bdpArk7+614pbstI7ihiRUolNWcIXHBzTr1z/x5Q6pw=="
    }
  }
}
